
Microsoft Visual Studio Solution File, Format Version 12.00
# Visual Studio Version 17
VisualStudioVersion = 17.1.32210.238
MinimumVisualStudioVersion = 10.0.40219.1
Project("{FAE04EC0-301F-11D3-BF4B-00C04F79EFBC}") = "DemoApp", "DemoApp\DemoApp.csproj", "{8DED95A5-4789-459F-88F6-1259C0ECE2C4}"
EndProject
Project("{FAE04EC0-301F-11D3-BF4B-00C04F79EFBC}") = "DemoAppAPI", "DemoAppAPI\DemoAppAPI.csproj", "{29F6C609-9574-4238-B40C-CE24BE7A6762}"
EndProject
Global
	GlobalSection(SolutionConfigurationPlatforms) = preSolution
		Debug|Any CPU = Debug|Any CPU
		Release|Any CPU = Release|Any CPU
	EndGlobalSection
	GlobalSection(ProjectConfigurationPlatforms) = postSolution
		{8DED95A5-4789-459F-88F6-1259C0ECE2C4}.Debug|Any CPU.ActiveCfg = Debug|Any CPU
		{8DED95A5-4789-459F-88F6-1259C0ECE2C4}.Debug|Any CPU.Build.0 = Debug|Any CPU
		{8DED95A5-4789-459F-88F6-1259C0ECE2C4}.Release|Any CPU.ActiveCfg = Release|Any CPU
		{8DED95A5-4789-459F-88F6-1259C0ECE2C4}.Release|Any CPU.Build.0 = Release|Any CPU
		{29F6C609-9574-4238-B40C-CE24BE7A6762}.Debug|Any CPU.ActiveCfg = Debug|Any CPU
		{29F6C609-9574-4238-B40C-CE24BE7A6762}.Debug|Any CPU.Build.0 = Debug|Any CPU
		{29F6C609-9574-4238-B40C-CE24BE7A6762}.Release|Any CPU.ActiveCfg = Release|Any CPU
		{29F6C609-9574-4238-B40C-CE24BE7A6762}.Release|Any CPU.Build.0 = Release|Any CPU
	EndGlobalSection
	GlobalSection(SolutionProperties) = preSolution
		HideSolutionNode = FALSE
	EndGlobalSection
	GlobalSection(ExtensibilityGlobals) = postSolution
		SolutionGuid = {9D5D5095-81EE-43F7-B2FA-4F28B3D2A5D6}
	EndGlobalSection
EndGlobal
